
Microsoft Visual Studio Solution File, Format Version 12.00
# Visual Studio Version 16
VisualStudioVersion = 16.0.30717.126
MinimumVisualStudioVersion = 10.0.40219.1
Project("{9A19103F-16F7-4668-BE54-9A1E7A4F7556}") = "WebAPI", "WebAPI\WebAPI.csproj", "{0B5D09E0-EDA5-465C-8394-3C679A52581D}"
	ProjectSection(ProjectDependencies) = postProject
		{B25106B6-65F8-4A44-B998-53E2F6BEF812} = {B25106B6-65F8-4A44-B998-53E2F6BEF812}
		{400A50F4-43B5-44EA-AF93-619E4B7AB447} = {400A50F4-43B5-44EA-AF93-619E4B7AB447}
	EndProjectSection
EndProject
Project("{9A19103F-16F7-4668-BE54-9A1E7A4F7556}") = "WebAPITests", "WebAPITests\WebAPITests.csproj", "{878CE90E-5FD8-4B95-92E2-74DF423A3482}"
EndProject
Project("{9A19103F-16F7-4668-BE54-9A1E7A4F7556}") = "WebAPI.Domain", "WebAPI.Domain\WebAPI.Domain.csproj", "{B25106B6-65F8-4A44-B998-53E2F6BEF812}"
EndProject
Project("{9A19103F-16F7-4668-BE54-9A1E7A4F7556}") = "WebAPI.Infrastructure", "WebAPI.Infrastructure\WebAPI.Infrastructure.csproj", "{400A50F4-43B5-44EA-AF93-619E4B7AB447}"
	ProjectSection(ProjectDependencies) = postProject
		{B25106B6-65F8-4A44-B998-53E2F6BEF812} = {B25106B6-65F8-4A44-B998-53E2F6BEF812}
	EndProjectSection
EndProject
Project("{9A19103F-16F7-4668-BE54-9A1E7A4F7556}") = "AngularWebUI", "AngularWebUI\AngularWebUI.csproj", "{9B8B4E50-5F87-4437-A893-9FCC6B0A6D13}"
EndProject
Global
	GlobalSection(SolutionConfigurationPlatforms) = preSolution
		Debug|Any CPU = Debug|Any CPU
		Release|Any CPU = Release|Any CPU
	EndGlobalSection
	GlobalSection(ProjectConfigurationPlatforms) = postSolution
		{0B5D09E0-EDA5-465C-8394-3C679A52581D}.Debug|Any CPU.ActiveCfg = Debug|Any CPU
		{0B5D09E0-EDA5-465C-8394-3C679A52581D}.Debug|Any CPU.Build.0 = Debug|Any CPU
		{0B5D09E0-EDA5-465C-8394-3C679A52581D}.Release|Any CPU.ActiveCfg = Release|Any CPU
		{0B5D09E0-EDA5-465C-8394-3C679A52581D}.Release|Any CPU.Build.0 = Release|Any CPU
		{878CE90E-5FD8-4B95-92E2-74DF423A3482}.Debug|Any CPU.ActiveCfg = Debug|Any CPU
		{878CE90E-5FD8-4B95-92E2-74DF423A3482}.Debug|Any CPU.Build.0 = Debug|Any CPU
		{878CE90E-5FD8-4B95-92E2-74DF423A3482}.Release|Any CPU.ActiveCfg = Release|Any CPU
		{878CE90E-5FD8-4B95-92E2-74DF423A3482}.Release|Any CPU.Build.0 = Release|Any CPU
		{B25106B6-65F8-4A44-B998-53E2F6BEF812}.Debug|Any CPU.ActiveCfg = Debug|Any CPU
		{B25106B6-65F8-4A44-B998-53E2F6BEF812}.Debug|Any CPU.Build.0 = Debug|Any CPU
		{B25106B6-65F8-4A44-B998-53E2F6BEF812}.Release|Any CPU.ActiveCfg = Release|Any CPU
		{B25106B6-65F8-4A44-B998-53E2F6BEF812}.Release|Any CPU.Build.0 = Release|Any CPU
		{400A50F4-43B5-44EA-AF93-619E4B7AB447}.Debug|Any CPU.ActiveCfg = Debug|Any CPU
		{400A50F4-43B5-44EA-AF93-619E4B7AB447}.Debug|Any CPU.Build.0 = Debug|Any CPU
		{400A50F4-43B5-44EA-AF93-619E4B7AB447}.Release|Any CPU.ActiveCfg = Release|Any CPU
		{400A50F4-43B5-44EA-AF93-619E4B7AB447}.Release|Any CPU.Build.0 = Release|Any CPU
		{9B8B4E50-5F87-4437-A893-9FCC6B0A6D13}.Debug|Any CPU.ActiveCfg = Debug|Any CPU
		{9B8B4E50-5F87-4437-A893-9FCC6B0A6D13}.Debug|Any CPU.Build.0 = Debug|Any CPU
		{9B8B4E50-5F87-4437-A893-9FCC6B0A6D13}.Release|Any CPU.ActiveCfg = Release|Any CPU
		{9B8B4E50-5F87-4437-A893-9FCC6B0A6D13}.Release|Any CPU.Build.0 = Release|Any CPU
	EndGlobalSection
	GlobalSection(SolutionProperties) = preSolution
		HideSolutionNode = FALSE
	EndGlobalSection
	GlobalSection(ExtensibilityGlobals) = postSolution
		SolutionGuid = {9AE5C11B-8E20-4CFC-91E9-832B0140FE3A}
	EndGlobalSection
EndGlobal
